
Microsoft Visual Studio Solution File, Format Version 12.00
# Visual Studio Version 17
VisualStudioVersion = 17.10.35027.167
MinimumVisualStudioVersion = 10.0.40219.1
Project("{FAE04EC0-301F-11D3-BF4B-00C04F79EFBC}") = "Switch_Guide", "Switch_Guide\Switch_Guide.csproj", "{5B98FCFA-C424-4856-8A53-C6C250B915B5}"
EndProject
Project("{54435603-DBB4-11D2-8724-00A0C9A8B90C}") = "Setup_Switch_Guide", "Setup_Switch_Guide\Setup_Switch_Guide.vdproj", "{B74762A1-266E-4D85-BB38-63809A047CB2}"
EndProject
Global
	GlobalSection(SolutionConfigurationPlatforms) = preSolution
		Debug|Any CPU = Debug|Any CPU
		Release|Any CPU = Release|Any CPU
	EndGlobalSection
	GlobalSection(ProjectConfigurationPlatforms) = postSolution
		{5B98FCFA-C424-4856-8A53-C6C250B915B5}.Debug|Any CPU.ActiveCfg = Debug|Any CPU
		{5B98FCFA-C424-4856-8A53-C6C250B915B5}.Debug|Any CPU.Build.0 = Debug|Any CPU
		{5B98FCFA-C424-4856-8A53-C6C250B915B5}.Release|Any CPU.ActiveCfg = Release|Any CPU
		{5B98FCFA-C424-4856-8A53-C6C250B915B5}.Release|Any CPU.Build.0 = Release|Any CPU
		{B74762A1-266E-4D85-BB38-63809A047CB2}.Debug|Any CPU.ActiveCfg = Debug
		{B74762A1-266E-4D85-BB38-63809A047CB2}.Release|Any CPU.ActiveCfg = Release
	EndGlobalSection
	GlobalSection(SolutionProperties) = preSolution
		HideSolutionNode = FALSE
	EndGlobalSection
	GlobalSection(ExtensibilityGlobals) = postSolution
		SolutionGuid = {A2DCFEB7-7928-4D41-BD77-B5D24565EF48}
	EndGlobalSection
EndGlobal
